// !$*UTF8*$!
{
	archiveVersion = 1;
	classes = {
	};
	objectVersion = 56;
	objects = {

/* Begin PBXBuildFile section */
		D431A8A02A4848EE00109710 /* SwapWithMeApp.swift in Sources */ = {isa = PBXBuildFile; fileRef = D431A89F2A4848EE00109710 /* SwapWithMeApp.swift */; };
		D431A8A22A4848EE00109710 /* ContentView.swift in Sources */ = {isa = PBXBuildFile; fileRef = D431A8A12A4848EE00109710 /* ContentView.swift */; };
		D431A8A42A4848EF00109710 /* Assets.xcassets in Resources */ = {isa = PBXBuildFile; fileRef = D431A8A32A4848EF00109710 /* Assets.xcassets */; };
		D431A8A72A4848EF00109710 /* Preview Assets.xcassets in Resources */ = {isa = PBXBuildFile; fileRef = D431A8A62A4848EF00109710 /* Preview Assets.xcassets */; };
		D431A8B12A4848EF00109710 /* SwapWithMeTests.swift in Sources */ = {isa = PBXBuildFile; fileRef = D431A8B02A4848EF00109710 /* SwapWithMeTests.swift */; };
		D431A8BB2A4848EF00109710 /* SwapWithMeUITests.swift in Sources */ = {isa = PBXBuildFile; fileRef = D431A8BA2A4848EF00109710 /* SwapWithMeUITests.swift */; };
		D431A8BD2A4848EF00109710 /* SwapWithMeUITestsLaunchTests.swift in Sources */ = {isa = PBXBuildFile; fileRef = D431A8BC2A4848EF00109710 /* SwapWithMeUITestsLaunchTests.swift */; };
		D44C3A7F2A543AC700A634F1 /* Feature in Frameworks */ = {isa = PBXBuildFile; productRef = D44C3A7E2A543AC700A634F1 /* Feature */; };
/* End PBXBuildFile section */

/* Begin PBXContainerItemProxy section */
		D431A8AD2A4848EF00109710 /* PBXContainerItemProxy */ = {
			isa = PBXContainerItemProxy;
			containerPortal = D431A8942A4848EE00109710 /* Project object */;
			proxyType = 1;
			remoteGlobalIDString = D431A89B2A4848EE00109710;
			remoteInfo = SwapWithMe;
		};
		D431A8B72A4848EF00109710 /* PBXContainerItemProxy */ = {
			isa = PBXContainerItemProxy;
			containerPortal = D431A8942A4848EE00109710 /* Project object */;
			proxyType = 1;
			remoteGlobalIDString = D431A89B2A4848EE00109710;
			remoteInfo = SwapWithMe;
		};
/* End PBXContainerItemProxy section */

/* Begin PBXFileReference section */
		D431A89C2A4848EE00109710 /* SwapWithMe.app */ = {isa = PBXFileReference; explicitFileType = wrapper.application; includeInIndex = 0; path = SwapWithMe.app; sourceTree = BUILT_PRODUCTS_DIR; };
		D431A89F2A4848EE00109710 /* SwapWithMeApp.swift */ = {isa = PBXFileReference; lastKnownFileType = sourcecode.swift; path = SwapWithMeApp.swift; sourceTree = "<group>"; };
		D431A8A12A4848EE00109710 /* ContentView.swift */ = {isa = PBXFileReference; lastKnownFileType = sourcecode.swift; path = ContentView.swift; sourceTree = "<group>"; };
		D431A8A32A4848EF00109710 /* Assets.xcassets */ = {isa = PBXFileReference; lastKnownFileType = folder.assetcatalog; path = Assets.xcassets; sourceTree = "<group>"; };
		D431A8A62A4848EF00109710 /* Preview Assets.xcassets */ = {isa = PBXFileReference; lastKnownFileType = folder.assetcatalog; path = "Preview Assets.xcassets"; sourceTree = "<group>"; };
		D431A8AC2A4848EF00109710 /* SwapWithMeTests.xctest */ = {isa = PBXFileReference; explicitFileType = wrapper.cfbundle; includeInIndex = 0; path = SwapWithMeTests.xctest; sourceTree = BUILT_PRODUCTS_DIR; };
		D431A8B02A4848EF00109710 /* SwapWithMeTests.swift */ = {isa = PBXFileReference; lastKnownFileType = sourcecode.swift; path = SwapWithMeTests.swift; sourceTree = "<group>"; };
		D431A8B62A4848EF00109710 /* SwapWithMeUITests.xctest */ = {isa = PBXFileReference; explicitFileType = wrapper.cfbundle; includeInIndex = 0; path = SwapWithMeUITests.xctest; sourceTree = BUILT_PRODUCTS_DIR; };
		D431A8BA2A4848EF00109710 /* SwapWithMeUITests.swift */ = {isa = PBXFileReference; lastKnownFileType = sourcecode.swift; path = SwapWithMeUITests.swift; sourceTree = "<group>"; };
		D431A8BC2A4848EF00109710 /* SwapWithMeUITestsLaunchTests.swift */ = {isa = PBXFileReference; lastKnownFileType = sourcecode.swift; path = SwapWithMeUITestsLaunchTests.swift; sourceTree = "<group>"; };
		D4BB2BE42A543271007C9ADB /* SwapWithMe */ = {isa = PBXFileReference; lastKnownFileType = wrapper; name = SwapWithMe; path = ..; sourceTree = "<group>"; };
/* End PBXFileReference section */

/* Begin PBXFrameworksBuildPhase section */
		D431A8992A4848EE00109710 /* Frameworks */ = {
			isa = PBXFrameworksBuildPhase;
			buildActionMask = 2147483647;
			files = (
				D44C3A7F2A543AC700A634F1 /* Feature in Frameworks */,
			);
			runOnlyForDeploymentPostprocessing = 0;
		};
		D431A8A92A4848EF00109710 /* Frameworks */ = {
			isa = PBXFrameworksBuildPhase;
			buildActionMask = 2147483647;
			files = (
			);
			runOnlyForDeploymentPostprocessing = 0;
		};
		D431A8B32A4848EF00109710 /* Frameworks */ = {
			isa = PBXFrameworksBuildPhase;
			buildActionMask = 2147483647;
			files = (
			);
			runOnlyForDeploymentPostprocessing = 0;
		};
/* End PBXFrameworksBuildPhase section */

/* Begin PBXGroup section */
		D431A8932A4848EE00109710 = {
			isa = PBXGroup;
			children = (
				D431A89E2A4848EE00109710 /* SwapWithMe */,
				D431A8AF2A4848EF00109710 /* SwapWithMeTests */,
				D431A8B92A4848EF00109710 /* SwapWithMeUITests */,
				D4BB2BE42A543271007C9ADB /* SwapWithMe */,
				D431A89D2A4848EE00109710 /* Products */,
				D44C3A7D2A543AC700A634F1 /* Frameworks */,
			);
			sourceTree = "<group>";
		};
		D431A89D2A4848EE00109710 /* Products */ = {
			isa = PBXGroup;
			children = (
				D431A89C2A4848EE00109710 /* SwapWithMe.app */,
				D431A8AC2A4848EF00109710 /* SwapWithMeTests.xctest */,
				D431A8B62A4848EF00109710 /* SwapWithMeUITests.xctest */,
			);
			name = Products;
			sourceTree = "<group>";
		};
		D431A89E2A4848EE00109710 /* SwapWithMe */ = {
			isa = PBXGroup;
			children = (
				D431A89F2A4848EE00109710 /* SwapWithMeApp.swift */,
				D431A8A12A4848EE00109710 /* ContentView.swift */,
				D431A8A32A4848EF00109710 /* Assets.xcassets */,
				D431A8A52A4848EF00109710 /* Preview Content */,
			);
			path = SwapWithMe;
			sourceTree = "<group>";
		};
		D431A8A52A4848EF00109710 /* Preview Content */ = {
			isa = PBXGroup;
			children = (
				D431A8A62A4848EF00109710 /* Preview Assets.xcassets */,
			);
			path = "Preview Content";
			sourceTree = "<group>";
		};
		D431A8AF2A4848EF00109710 /* SwapWithMeTests */ = {
			isa = PBXGroup;
			children = (
				D431A8B02A4848EF00109710 /* SwapWithMeTests.swift */,
			);
			path = SwapWithMeTests;
			sourceTree = "<group>";
		};
		D431A8B92A4848EF00109710 /* SwapWithMeUITests */ = {
			isa = PBXGroup;
			children = (
				D431A8BA2A4848EF00109710 /* SwapWithMeUITests.swift */,
				D431A8BC2A4848EF00109710 /* SwapWithMeUITestsLaunchTests.swift */,
			);
			path = SwapWithMeUITests;
			sourceTree = "<group>";
		};
		D44C3A7D2A543AC700A634F1 /* Frameworks */ = {
			isa = PBXGroup;
			children = (
			);
			name = Frameworks;
			sourceTree = "<group>";
		};
/* End PBXGroup section */

/* Begin PBXNativeTarget section */
		D431A89B2A4848EE00109710 /* SwapWithMe */ = {
			isa = PBXNativeTarget;
			buildConfigurationList = D431A8C02A4848EF00109710 /* Build configuration list for PBXNativeTarget "SwapWithMe" */;
			buildPhases = (
				D431A8982A4848EE00109710 /* Sources */,
				D431A8992A4848EE00109710 /* Frameworks */,
				D431A89A2A4848EE00109710 /* Resources */,
			);
			buildRules = (
			);
			dependencies = (
			);
			name = SwapWithMe;
			packageProductDependencies = (
				D44C3A7E2A543AC700A634F1 /* Feature */,
			);
			productName = SwapWithMe;
			productReference = D431A89C2A4848EE00109710 /* SwapWithMe.app */;
			productType = "com.apple.product-type.application";
		};
		D431A8AB2A4848EF00109710 /* SwapWithMeTests */ = {
			isa = PBXNativeTarget;
			buildConfigurationList = D431A8C32A4848EF00109710 /* Build configuration list for PBXNativeTarget "SwapWithMeTests" */;
			buildPhases = (
				D431A8A82A4848EF00109710 /* Sources */,
				D431A8A92A4848EF00109710 /* Frameworks */,
				D431A8AA2A4848EF00109710 /* Resources */,
			);
			buildRules = (
			);
			dependencies = (
				D431A8AE2A4848EF00109710 /* PBXTargetDependency */,
			);
			name = SwapWithMeTests;
			productName = SwapWithMeTests;
			productReference = D431A8AC2A4848EF00109710 /* SwapWithMeTests.xctest */;
			productType = "com.apple.product-type.bundle.unit-test";
		};
		D431A8B52A4848EF00109710 /* SwapWithMeUITests */ = {
			isa = PBXNativeTarget;
			buildConfigurationList = D431A8C62A4848EF00109710 /* Build configuration list for PBXNativeTarget "SwapWithMeUITests" */;
			buildPhases = (
				D431A8B22A4848EF00109710 /* Sources */,
				D431A8B32A4848EF00109710 /* Frameworks */,
				D431A8B42A4848EF00109710 /* Resources */,
			);
			buildRules = (
			);
			dependencies = (
				D431A8B82A4848EF00109710 /* PBXTargetDependency */,
			);
			name = SwapWithMeUITests;
			productName = SwapWithMeUITests;
			productReference = D431A8B62A4848EF00109710 /* SwapWithMeUITests.xctest */;
			productType = "com.apple.product-type.bundle.ui-testing";
		};
/* End PBXNativeTarget section */

/* Begin PBXProject section */
		D431A8942A4848EE00109710 /* Project object */ = {
			isa = PBXProject;
			attributes = {
				BuildIndependentTargetsInParallel = 1;
				LastSwiftUpdateCheck = 1430;
				LastUpgradeCheck = 1430;
				TargetAttributes = {
					D431A89B2A4848EE00109710 = {
						CreatedOnToolsVersion = 14.3;
					};
					D431A8AB2A4848EF00109710 = {
						CreatedOnToolsVersion = 14.3;
						TestTargetID = D431A89B2A4848EE00109710;
					};
					D431A8B52A4848EF00109710 = {
						CreatedOnToolsVersion = 14.3;
						TestTargetID = D431A89B2A4848EE00109710;
					};
				};
			};
			buildConfigurationList = D431A8972A4848EE00109710 /* Build configuration list for PBXProject "SwapWithMe" */;
			compatibilityVersion = "Xcode 14.0";
			developmentRegion = en;
			hasScannedForEncodings = 0;
			knownRegions = (
				en,
				Base,
			);
			mainGroup = D431A8932A4848EE00109710;
			productRefGroup = D431A89D2A4848EE00109710 /* Products */;
			projectDirPath = "";
			projectRoot = "";
			targets = (
				D431A89B2A4848EE00109710 /* SwapWithMe */,
				D431A8AB2A4848EF00109710 /* SwapWithMeTests */,
				D431A8B52A4848EF00109710 /* SwapWithMeUITests */,
			);
		};
/* End PBXProject section */

/* Begin PBXResourcesBuildPhase section */
		D431A89A2A4848EE00109710 /* Resources */ = {
			isa = PBXResourcesBuildPhase;
			buildActionMask = 2147483647;
			files = (
				D431A8A72A4848EF00109710 /* Preview Assets.xcassets in Resources */,
				D431A8A42A4848EF00109710 /* Assets.xcassets in Resources */,
			);
			runOnlyForDeploymentPostprocessing = 0;
		};
		D431A8AA2A4848EF00109710 /* Resources */ = {
			isa = PBXResourcesBuildPhase;
			buildActionMask = 2147483647;
			files = (
			);
			runOnlyForDeploymentPostprocessing = 0;
		};
		D431A8B42A4848EF00109710 /* Resources */ = {
			isa = PBXResourcesBuildPhase;
			buildActionMask = 2147483647;
			files = (
			);
			runOnlyForDeploymentPostprocessing = 0;
		};
/* End PBXResourcesBuildPhase section */

/* Begin PBXSourcesBuildPhase section */
		D431A8982A4848EE00109710 /* Sources */ = {
			isa = PBXSourcesBuildPhase;
			buildActionMask = 2147483647;
			files = (
				D431A8A22A4848EE00109710 /* ContentView.swift in Sources */,
				D431A8A02A4848EE00109710 /* SwapWithMeApp.swift in Sources */,
			);
			runOnlyForDeploymentPostprocessing = 0;
		};
		D431A8A82A4848EF00109710 /* Sources */ = {
			isa = PBXSourcesBuildPhase;
			buildActionMask = 2147483647;
			files = (
				D431A8B12A4848EF00109710 /* SwapWithMeTests.swift in Sources */,
			);
			runOnlyForDeploymentPostprocessing = 0;
		};
		D431A8B22A4848EF00109710 /* Sources */ = {
			isa = PBXSourcesBuildPhase;
			buildActionMask = 2147483647;
			files = (
				D431A8BB2A4848EF00109710 /* SwapWithMeUITests.swift in Sources */,
				D431A8BD2A4848EF00109710 /* SwapWithMeUITestsLaunchTests.swift in Sources */,
			);
			runOnlyForDeploymentPostprocessing = 0;
		};
/* End PBXSourcesBuildPhase section */

/* Begin PBXTargetDependency section */
		D431A8AE2A4848EF00109710 /* PBXTargetDependency */ = {
			isa = PBXTargetDependency;
			target = D431A89B2A4848EE00109710 /* SwapWithMe */;
			targetProxy = D431A8AD2A4848EF00109710 /* PBXContainerItemProxy */;
		};
		D431A8B82A4848EF00109710 /* PBXTargetDependency */ = {
			isa = PBXTargetDependency;
			target = D431A89B2A4848EE00109710 /* SwapWithMe */;
			targetProxy = D431A8B72A4848EF00109710 /* PBXContainerItemProxy */;
		};
/* End PBXTargetDependency section */

/* Begin XCBuildConfiguration section */
		D431A8BE2A4848EF00109710 /* Debug */ = {
			isa = XCBuildConfiguration;
			buildSettings = {
				ALWAYS_SEARCH_USER_PATHS = NO;
				CLANG_ANALYZER_NONNULL = YES;
				CLANG_ANALYZER_NUMBER_OBJECT_CONVERSION = YES_AGGRESSIVE;
				CLANG_CXX_LANGUAGE_STANDARD = "gnu++20";
				CLANG_ENABLE_MODULES = YES;
				CLANG_ENABLE_OBJC_ARC = YES;
				CLANG_ENABLE_OBJC_WEAK = YES;
				CLANG_WARN_BLOCK_CAPTURE_AUTORELEASING = YES;
				CLANG_WARN_BOOL_CONVERSION = YES;
				CLANG_WARN_COMMA = YES;
				CLANG_WARN_CONSTANT_CONVERSION = YES;
				CLANG_WARN_DEPRECATED_OBJC_IMPLEMENTATIONS = YES;
				CLANG_WARN_DIRECT_OBJC_ISA_USAGE = YES_ERROR;
				CLANG_WARN_DOCUMENTATION_COMMENTS = YES;
				CLANG_WARN_EMPTY_BODY = YES;
				CLANG_WARN_ENUM_CONVERSION = YES;
				CLANG_WARN_INFINITE_RECURSION = YES;
				CLANG_WARN_INT_CONVERSION = YES;
				CLANG_WARN_NON_LITERAL_NULL_CONVERSION = YES;
				CLANG_WARN_OBJC_IMPLICIT_RETAIN_SELF = YES;
				CLANG_WARN_OBJC_LITERAL_CONVERSION = YES;
				CLANG_WARN_OBJC_ROOT_CLASS = YES_ERROR;
				CLANG_WARN_QUOTED_INCLUDE_IN_FRAMEWORK_HEADER = YES;
				CLANG_WARN_RANGE_LOOP_ANALYSIS = YES;
				CLANG_WARN_STRICT_PROTOTYPES = YES;
				CLANG_WARN_SUSPICIOUS_MOVE = YES;
				CLANG_WARN_UNGUARDED_AVAILABILITY = YES_AGGRESSIVE;
				CLANG_WARN_UNREACHABLE_CODE = YES;
				CLANG_WARN__DUPLICATE_METHOD_MATCH = YES;
				COPY_PHASE_STRIP = NO;
				DEBUG_INFORMATION_FORMAT = dwarf;
				ENABLE_STRICT_OBJC_MSGSEND = YES;
				ENABLE_TESTABILITY = YES;
				GCC_C_LANGUAGE_STANDARD = gnu11;
				GCC_DYNAMIC_NO_PIC = NO;
				GCC_NO_COMMON_BLOCKS = YES;
				GCC_OPTIMIZATION_LEVEL = 0;
				GCC_PREPROCESSOR_DEFINITIONS = (
					"DEBUG=1",
					"$(inherited)",
				);
				GCC_WARN_64_TO_32_BIT_CONVERSION = YES;
				GCC_WARN_ABOUT_RETURN_TYPE = YES_ERROR;
				GCC_WARN_UNDECLARED_SELECTOR = YES;
				GCC_WARN_UNINITIALIZED_AUTOS = YES_AGGRESSIVE;
				GCC_WARN_UNUSED_FUNCTION = YES;
				GCC_WARN_UNUSED_VARIABLE = YES;
				IPHONEOS_DEPLOYMENT_TARGET = 16.4;
				MTL_ENABLE_DEBUG_INFO = INCLUDE_SOURCE;
				MTL_FAST_MATH = YES;
				ONLY_ACTIVE_ARCH = YES;
				SDKROOT = iphoneos;
				SWIFT_ACTIVE_COMPILATION_CONDITIONS = DEBUG;
				SWIFT_OPTIMIZATION_LEVEL = "-Onone";
			};
			name = Debug;
		};
		D431A8BF2A4848EF00109710 /* Release */ = {
			isa = XCBuildConfiguration;
			buildSettings = {
				ALWAYS_SEARCH_USER_PATHS = NO;
				CLANG_ANALYZER_NONNULL = YES;
				CLANG_ANALYZER_NUMBER_OBJECT_CONVERSION = YES_AGGRESSIVE;
				CLANG_CXX_LANGUAGE_STANDARD = "gnu++20";
				CLANG_ENABLE_MODULES = YES;
				CLANG_ENABLE_OBJC_ARC = YES;
				CLANG_ENABLE_OBJC_WEAK = YES;
				CLANG_WARN_BLOCK_CAPTURE_AUTORELEASING = YES;
				CLANG_WARN_BOOL_CONVERSION = YES;
				CLANG_WARN_COMMA = YES;
				CLANG_WARN_CONSTANT_CONVERSION = YES;
				CLANG_WARN_DEPRECATED_OBJC_IMPLEMENTATIONS = YES;
				CLANG_WARN_DIRECT_OBJC_ISA_USAGE = YES_ERROR;
				CLANG_WARN_DOCUMENTATION_COMMENTS = YES;
				CLANG_WARN_EMPTY_BODY = YES;
				CLANG_WARN_ENUM_CONVERSION = YES;
				CLANG_WARN_INFINITE_RECURSION = YES;
				CLANG_WARN_INT_CONVERSION = YES;
				CLANG_WARN_NON_LITERAL_NULL_CONVERSION = YES;
				CLANG_WARN_OBJC_IMPLICIT_RETAIN_SELF = YES;
				CLANG_WARN_OBJC_LITERAL_CONVERSION = YES;
				CLANG_WARN_OBJC_ROOT_CLASS = YES_ERROR;
				CLANG_WARN_QUOTED_INCLUDE_IN_FRAMEWORK_HEADER = YES;
				CLANG_WARN_RANGE_LOOP_ANALYSIS = YES;
				CLANG_WARN_STRICT_PROTOTYPES = YES;
				CLANG_WARN_SUSPICIOUS_MOVE = YES;
				CLANG_WARN_UNGUARDED_AVAILABILITY = YES_AGGRESSIVE;
				CLANG_WARN_UNREACHABLE_CODE = YES;
				CLANG_WARN__DUPLICATE_METHOD_MATCH = YES;
				COPY_PHASE_STRIP = NO;
				DEBUG_INFORMATION_FORMAT = "dwarf-with-dsym";
				ENABLE_NS_ASSERTIONS = NO;
				ENABLE_STRICT_OBJC_MSGSEND = YES;
				GCC_C_LANGUAGE_STANDARD = gnu11;
				GCC_NO_COMMON_BLOCKS = YES;
				GCC_WARN_64_TO_32_BIT_CONVERSION = YES;
				GCC_WARN_ABOUT_RETURN_TYPE = YES_ERROR;
				GCC_WARN_UNDECLARED_SELECTOR = YES;
				GCC_WARN_UNINITIALIZED_AUTOS = YES_AGGRESSIVE;
				GCC_WARN_UNUSED_FUNCTION = YES;
				GCC_WARN_UNUSED_VARIABLE = YES;
				IPHONEOS_DEPLOYMENT_TARGET = 16.4;
				MTL_ENABLE_DEBUG_INFO = NO;
				MTL_FAST_MATH = YES;
				SDKROOT = iphoneos;
				SWIFT_COMPILATION_MODE = wholemodule;
				SWIFT_OPTIMIZATION_LEVEL = "-O";
				VALIDATE_PRODUCT = YES;
			};
			name = Release;
		};
		D431A8C12A4848EF00109710 /* Debug */ = {
			isa = XCBuildConfiguration;
			buildSettings = {
				ASSETCATALOG_COMPILER_APPICON_NAME = AppIcon;
				ASSETCATALOG_COMPILER_GLOBAL_ACCENT_COLOR_NAME = AccentColor;
				CODE_SIGN_STYLE = Automatic;
				CURRENT_PROJECT_VERSION = 1;
				DEVELOPMENT_ASSET_PATHS = "\"SwapWithMe/Preview Content\"";
				DEVELOPMENT_TEAM = BR3T8YBB5L;
				ENABLE_PREVIEWS = YES;
				GENERATE_INFOPLIST_FILE = YES;
				INFOPLIST_KEY_UIApplicationSceneManifest_Generation = YES;
				INFOPLIST_KEY_UIApplicationSupportsIndirectInputEvents = YES;
				INFOPLIST_KEY_UILaunchScreen_Generation = YES;
				INFOPLIST_KEY_UISupportedInterfaceOrientations_iPad = "UIInterfaceOrientationPortrait UIInterfaceOrientationPortraitUpsideDown UIInterfaceOrientationLandscapeLeft UIInterfaceOrientationLandscapeRight";
				INFOPLIST_KEY_UISupportedInterfaceOrientations_iPhone = "UIInterfaceOrientationPortrait UIInterfaceOrientationLandscapeLeft UIInterfaceOrientationLandscapeRight";
				LD_RUNPATH_SEARCH_PATHS = (
					"$(inherited)",
					"@executable_path/Frameworks",
				);
				MARKETING_VERSION = 1.0;
				PRODUCT_BUNDLE_IDENTIFIER = com.gmail.yuukirinnma.SwapWithMe;
				PRODUCT_NAME = "$(TARGET_NAME)";
				SWIFT_EMIT_LOC_STRINGS = YES;
				SWIFT_VERSION = 5.0;
				TARGETED_DEVICE_FAMILY = "1,2";
			};
			name = Debug;
		};
		D431A8C22A4848EF00109710 /* Release */ = {
			isa = XCBuildConfiguration;
			buildSettings = {
				ASSETCATALOG_COMPILER_APPICON_NAME = AppIcon;
				ASSETCATALOG_COMPILER_GLOBAL_ACCENT_COLOR_NAME = AccentColor;
				CODE_SIGN_STYLE = Automatic;
				CURRENT_PROJECT_VERSION = 1;
				DEVELOPMENT_ASSET_PATHS = "\"SwapWithMe/Preview Content\"";
				DEVELOPMENT_TEAM = BR3T8YBB5L;
				ENABLE_PREVIEWS = YES;
				GENERATE_INFOPLIST_FILE = YES;
				INFOPLIST_KEY_UIApplicationSceneManifest_Generation = YES;
				INFOPLIST_KEY_UIApplicationSupportsIndirectInputEvents = YES;
				INFOPLIST_KEY_UILaunchScreen_Generation = YES;
				INFOPLIST_KEY_UISupportedInterfaceOrientations_iPad = "UIInterfaceOrientationPortrait UIInterfaceOrientationPortraitUpsideDown UIInterfaceOrientationLandscapeLeft UIInterfaceOrientationLandscapeRight";
				INFOPLIST_KEY_UISupportedInterfaceOrientations_iPhone = "UIInterfaceOrientationPortrait UIInterfaceOrientationLandscapeLeft UIInterfaceOrientationLandscapeRight";
				LD_RUNPATH_SEARCH_PATHS = (
					"$(inherited)",
					"@executable_path/Frameworks",
				);
				MARKETING_VERSION = 1.0;
				PRODUCT_BUNDLE_IDENTIFIER = com.gmail.yuukirinnma.SwapWithMe;
				PRODUCT_NAME = "$(TARGET_NAME)";
				SWIFT_EMIT_LOC_STRINGS = YES;
				SWIFT_VERSION = 5.0;
				TARGETED_DEVICE_FAMILY = "1,2";
			};
			name = Release;
		};
		D431A8C42A4848EF00109710 /* Debug */ = {
			isa = XCBuildConfiguration;
			buildSettings = {
				ALWAYS_EMBED_SWIFT_STANDARD_LIBRARIES = YES;
				BUNDLE_LOADER = "$(TEST_HOST)";
				CODE_SIGN_STYLE = Automatic;
				CURRENT_PROJECT_VERSION = 1;
				DEVELOPMENT_TEAM = BR3T8YBB5L;
				GENERATE_INFOPLIST_FILE = YES;
				IPHONEOS_DEPLOYMENT_TARGET = 16.4;
				MARKETING_VERSION = 1.0;
				PRODUCT_BUNDLE_IDENTIFIER = com.gmail.yuukirinnma.SwapWithMeTests;
				PRODUCT_NAME = "$(TARGET_NAME)";
				SWIFT_EMIT_LOC_STRINGS = NO;
				SWIFT_VERSION = 5.0;
				TARGETED_DEVICE_FAMILY = "1,2";
				TEST_HOST = "$(BUILT_PRODUCTS_DIR)/SwapWithMe.app/$(BUNDLE_EXECUTABLE_FOLDER_PATH)/SwapWithMe";
			};
			name = Debug;
		};
		D431A8C52A4848EF00109710 /* Release */ = {
			isa = XCBuildConfiguration;
			buildSettings = {
				ALWAYS_EMBED_SWIFT_STANDARD_LIBRARIES = YES;
				BUNDLE_LOADER = "$(TEST_HOST)";
				CODE_SIGN_STYLE = Automatic;
				CURRENT_PROJECT_VERSION = 1;
				DEVELOPMENT_TEAM = BR3T8YBB5L;
				GENERATE_INFOPLIST_FILE = YES;
				IPHONEOS_DEPLOYMENT_TARGET = 16.4;
				MARKETING_VERSION = 1.0;
				PRODUCT_BUNDLE_IDENTIFIER = com.gmail.yuukirinnma.SwapWithMeTests;
				PRODUCT_NAME = "$(TARGET_NAME)";
				SWIFT_EMIT_LOC_STRINGS = NO;
				SWIFT_VERSION = 5.0;
				TARGETED_DEVICE_FAMILY = "1,2";
				TEST_HOST = "$(BUILT_PRODUCTS_DIR)/SwapWithMe.app/$(BUNDLE_EXECUTABLE_FOLDER_PATH)/SwapWithMe";
			};
			name = Release;
		};
		D431A8C72A4848EF00109710 /* Debug */ = {
			isa = XCBuildConfiguration;
			buildSettings = {
				ALWAYS_EMBED_SWIFT_STANDARD_LIBRARIES = YES;
				CODE_SIGN_STYLE = Automatic;
				CURRENT_PROJECT_VERSION = 1;
				DEVELOPMENT_TEAM = BR3T8YBB5L;
				GENERATE_INFOPLIST_FILE = YES;
				MARKETING_VERSION = 1.0;
				PRODUCT_BUNDLE_IDENTIFIER = com.gmail.yuukirinnma.SwapWithMeUITests;
				PRODUCT_NAME = "$(TARGET_NAME)";
				SWIFT_EMIT_LOC_STRINGS = NO;
				SWIFT_VERSION = 5.0;
				TARGETED_DEVICE_FAMILY = "1,2";
				TEST_TARGET_NAME = SwapWithMe;
			};
			name = Debug;
		};
		D431A8C82A4848EF00109710 /* Release */ = {
			isa = XCBuildConfiguration;
			buildSettings = {
				ALWAYS_EMBED_SWIFT_STANDARD_LIBRARIES = YES;
				CODE_SIGN_STYLE = Automatic;
				CURRENT_PROJECT_VERSION = 1;
				DEVELOPMENT_TEAM = BR3T8YBB5L;
				GENERATE_INFOPLIST_FILE = YES;
				MARKETING_VERSION = 1.0;
				PRODUCT_BUNDLE_IDENTIFIER = com.gmail.yuukirinnma.SwapWithMeUITests;
				PRODUCT_NAME = "$(TARGET_NAME)";
				SWIFT_EMIT_LOC_STRINGS = NO;
				SWIFT_VERSION = 5.0;
				TARGETED_DEVICE_FAMILY = "1,2";
				TEST_TARGET_NAME = SwapWithMe;
			};
			name = Release;
		};
/* End XCBuildConfiguration section */

/* Begin XCConfigurationList section */
		D431A8972A4848EE00109710 /* Build configuration list for PBXProject "SwapWithMe" */ = {
			isa = XCConfigurationList;
			buildConfigurations = (
				D431A8BE2A4848EF00109710 /* Debug */,
				D431A8BF2A4848EF00109710 /* Release */,
			);
			defaultConfigurationIsVisible = 0;
			defaultConfigurationName = Release;
		};
		D431A8C02A4848EF00109710 /* Build configuration list for PBXNativeTarget "SwapWithMe" */ = {
			isa = XCConfigurationList;
			buildConfigurations = (
				D431A8C12A4848EF00109710 /* Debug */,
				D431A8C22A4848EF00109710 /* Release */,
			);
			defaultConfigurationIsVisible = 0;
			defaultConfigurationName = Release;
		};
		D431A8C32A4848EF00109710 /* Build configuration list for PBXNativeTarget "SwapWithMeTests" */ = {
			isa = XCConfigurationList;
			buildConfigurations = (
				D431A8C42A4848EF00109710 /* Debug */,
				D431A8C52A4848EF00109710 /* Release */,
			);
			defaultConfigurationIsVisible = 0;
			defaultConfigurationName = Release;
		};
		D431A8C62A4848EF00109710 /* Build configuration list for PBXNativeTarget "SwapWithMeUITests" */ = {
			isa = XCConfigurationList;
			buildConfigurations = (
				D431A8C72A4848EF00109710 /* Debug */,
				D431A8C82A4848EF00109710 /* Release */,
			);
			defaultConfigurationIsVisible = 0;
			defaultConfigurationName = Release;
		};
/* End XCConfigurationList section */

/* Begin XCSwiftPackageProductDependency section */
		D44C3A7E2A543AC700A634F1 /* Feature */ = {
			isa = XCSwiftPackageProductDependency;
			productName = Feature;
		};
/* End XCSwiftPackageProductDependency section */
	};
	rootObject = D431A8942A4848EE00109710 /* Project object */;
}
